
Microsoft Visual Studio Solution File, Format Version 12.00
# Visual Studio Version 16
VisualStudioVersion = 16.0.30517.126
MinimumVisualStudioVersion = 10.0.40219.1
Project("{8BC9CEB8-8B4A-11D0-8D11-00A0C91BC942}") = "aula_exercicio_7", "aula_exercicio_7\aula_exercicio_7.vcxproj", "{E858B377-B1F6-4B14-AF8E-05D069E69960}"
EndProject
Global
	GlobalSection(SolutionConfigurationPlatforms) = preSolution
		Debug|x64 = Debug|x64
		Debug|x86 = Debug|x86
		Release|x64 = Release|x64
		Release|x86 = Release|x86
	EndGlobalSection
	GlobalSection(ProjectConfigurationPlatforms) = postSolution
		{E858B377-B1F6-4B14-AF8E-05D069E69960}.Debug|x64.ActiveCfg = Debug|x64
		{E858B377-B1F6-4B14-AF8E-05D069E69960}.Debug|x64.Build.0 = Debug|x64
		{E858B377-B1F6-4B14-AF8E-05D069E69960}.Debug|x86.ActiveCfg = Debug|Win32
		{E858B377-B1F6-4B14-AF8E-05D069E69960}.Debug|x86.Build.0 = Debug|Win32
		{E858B377-B1F6-4B14-AF8E-05D069E69960}.Release|x64.ActiveCfg = Release|x64
		{E858B377-B1F6-4B14-AF8E-05D069E69960}.Release|x64.Build.0 = Release|x64
		{E858B377-B1F6-4B14-AF8E-05D069E69960}.Release|x86.ActiveCfg = Release|Win32
		{E858B377-B1F6-4B14-AF8E-05D069E69960}.Release|x86.Build.0 = Release|Win32
	EndGlobalSection
	GlobalSection(SolutionProperties) = preSolution
		HideSolutionNode = FALSE
	EndGlobalSection
	GlobalSection(ExtensibilityGlobals) = postSolution
		SolutionGuid = {7BAF6671-FCEE-4534-AC12-3D4BD2FA921E}
	EndGlobalSection
EndGlobal
