
Microsoft Visual Studio Solution File, Format Version 12.00
# Visual Studio Version 16
VisualStudioVersion = 16.0.30517.126
MinimumVisualStudioVersion = 10.0.40219.1
Project("{8BC9CEB8-8B4A-11D0-8D11-00A0C91BC942}") = "Aulajulioexercicio2", "Aulajulioexercicio2\Aulajulioexercicio2.vcxproj", "{6212FFF7-BAF9-447E-8207-B9CABF047D59}"
EndProject
Global
	GlobalSection(SolutionConfigurationPlatforms) = preSolution
		Debug|x64 = Debug|x64
		Debug|x86 = Debug|x86
		Release|x64 = Release|x64
		Release|x86 = Release|x86
	EndGlobalSection
	GlobalSection(ProjectConfigurationPlatforms) = postSolution
		{6212FFF7-BAF9-447E-8207-B9CABF047D59}.Debug|x64.ActiveCfg = Debug|x64
		{6212FFF7-BAF9-447E-8207-B9CABF047D59}.Debug|x64.Build.0 = Debug|x64
		{6212FFF7-BAF9-447E-8207-B9CABF047D59}.Debug|x86.ActiveCfg = Debug|Win32
		{6212FFF7-BAF9-447E-8207-B9CABF047D59}.Debug|x86.Build.0 = Debug|Win32
		{6212FFF7-BAF9-447E-8207-B9CABF047D59}.Release|x64.ActiveCfg = Release|x64
		{6212FFF7-BAF9-447E-8207-B9CABF047D59}.Release|x64.Build.0 = Release|x64
		{6212FFF7-BAF9-447E-8207-B9CABF047D59}.Release|x86.ActiveCfg = Release|Win32
		{6212FFF7-BAF9-447E-8207-B9CABF047D59}.Release|x86.Build.0 = Release|Win32
	EndGlobalSection
	GlobalSection(SolutionProperties) = preSolution
		HideSolutionNode = FALSE
	EndGlobalSection
	GlobalSection(ExtensibilityGlobals) = postSolution
		SolutionGuid = {06747B76-5BDE-459D-B3FE-63AD04E3376E}
	EndGlobalSection
EndGlobal
